
Microsoft Visual Studio Solution File, Format Version 12.00
# Visual Studio Version 17
VisualStudioVersion = 17.8.34511.84
MinimumVisualStudioVersion = 10.0.40219.1
Project("{2150E333-8FDC-42A3-9474-1A3956D46DE8}") = "03_module", "03_module", "{34252B1B-FEF0-4420-A94D-0A0B8A00396C}"
EndProject
Project("{2150E333-8FDC-42A3-9474-1A3956D46DE8}") = "00_build", "00_build", "{D977825A-9A8D-461A-9EAA-13B4DE30F3AC}"
	ProjectSection(SolutionItems) = preProject
		00_build\module.build.targets = 00_build\module.build.targets
		00_build\public.props = 00_build\public.props
		00_build\version.props = 00_build\version.props
	EndProjectSection
EndProject
Project("{9A19103F-16F7-4668-BE54-9A1E7A4F7556}") = "MP.Utils", "03_module\MP.Utils\MP.Utils.csproj", "{DDADD8B9-7923-4C3B-A91A-60475FC8C232}"
EndProject
Project("{9A19103F-16F7-4668-BE54-9A1E7A4F7556}") = "MP", "03_module\MP\MP.csproj", "{24D09956-EEAF-4CBE-B483-5A9BB7364D66}"
EndProject
Project("{2150E333-8FDC-42A3-9474-1A3956D46DE8}") = "01_host", "01_host", "{E27C8A3D-B078-47B3-9CDF-DD78E6E9A857}"
EndProject
Project("{9A19103F-16F7-4668-BE54-9A1E7A4F7556}") = "Demo.WebApi", "01_host\Demo.WebApi\Demo.WebApi.csproj", "{BA8023A2-BEB2-4A7E-8243-765505EDCDF8}"
EndProject
Project("{9A19103F-16F7-4668-BE54-9A1E7A4F7556}") = "OSharp.AspNetCore", "03_module\OSharp.AspNetCore\OSharp.AspNetCore.csproj", "{CFE8F7E8-C5B3-43D9-9B6A-C817B7EE180C}"
EndProject
Project("{9A19103F-16F7-4668-BE54-9A1E7A4F7556}") = "OSharp.Log4Net", "03_module\OSharp.Log4Net\OSharp.Log4Net.csproj", "{CFFBBABA-6F37-427D-AA1C-E9D0026332C4}"
EndProject
Project("{9A19103F-16F7-4668-BE54-9A1E7A4F7556}") = "OSharp.Serilog", "03_module\OSharp.Serilog\OSharp.Serilog.csproj", "{BC45C74F-4F97-45C8-9B0F-AE9716F39C3B}"
EndProject
Project("{9A19103F-16F7-4668-BE54-9A1E7A4F7556}") = "OSharp.Identity", "03_module\OSharp.Identity\OSharp.Identity.csproj", "{4B04DE28-1811-43E7-AA83-97242C2D85F8}"
EndProject
Project("{9A19103F-16F7-4668-BE54-9A1E7A4F7556}") = "OSharp.Swagger", "03_module\OSharp.Swagger\OSharp.Swagger.csproj", "{1F7C69A2-CD6E-4FC3-A196-7282034E8928}"
EndProject
Project("{9A19103F-16F7-4668-BE54-9A1E7A4F7556}") = "ApiKnife4j", "01_host\ApiKnife4j\ApiKnife4j.csproj", "{9A6F18FE-5E9A-4ADC-B162-2F5AFF685092}"
EndProject
Project("{9A19103F-16F7-4668-BE54-9A1E7A4F7556}") = "OSharp.DynamicApi", "03_module\OSharp.DynamicApi\OSharp.DynamicApi.csproj", "{A13F6BE0-50F4-4730-8668-C6875F154356}"
EndProject
Project("{FAE04EC0-301F-11D3-BF4B-00C04F79EFBC}") = "Panda.DynamicWebApi", "03_module\Panda.DynamicWebApi\Panda.DynamicWebApi.csproj", "{1BF6A38E-B595-4DDD-90AA-DC6AD307ADD2}"
EndProject
Global
	GlobalSection(SolutionConfigurationPlatforms) = preSolution
		Debug|Any CPU = Debug|Any CPU
		Release|Any CPU = Release|Any CPU
	EndGlobalSection
	GlobalSection(ProjectConfigurationPlatforms) = postSolution
		{DDADD8B9-7923-4C3B-A91A-60475FC8C232}.Debug|Any CPU.ActiveCfg = Debug|Any CPU
		{DDADD8B9-7923-4C3B-A91A-60475FC8C232}.Debug|Any CPU.Build.0 = Debug|Any CPU
		{DDADD8B9-7923-4C3B-A91A-60475FC8C232}.Release|Any CPU.ActiveCfg = Release|Any CPU
		{DDADD8B9-7923-4C3B-A91A-60475FC8C232}.Release|Any CPU.Build.0 = Release|Any CPU
		{24D09956-EEAF-4CBE-B483-5A9BB7364D66}.Debug|Any CPU.ActiveCfg = Debug|Any CPU
		{24D09956-EEAF-4CBE-B483-5A9BB7364D66}.Debug|Any CPU.Build.0 = Debug|Any CPU
		{24D09956-EEAF-4CBE-B483-5A9BB7364D66}.Release|Any CPU.ActiveCfg = Release|Any CPU
		{24D09956-EEAF-4CBE-B483-5A9BB7364D66}.Release|Any CPU.Build.0 = Release|Any CPU
		{BA8023A2-BEB2-4A7E-8243-765505EDCDF8}.Debug|Any CPU.ActiveCfg = Debug|Any CPU
		{BA8023A2-BEB2-4A7E-8243-765505EDCDF8}.Debug|Any CPU.Build.0 = Debug|Any CPU
		{BA8023A2-BEB2-4A7E-8243-765505EDCDF8}.Release|Any CPU.ActiveCfg = Release|Any CPU
		{BA8023A2-BEB2-4A7E-8243-765505EDCDF8}.Release|Any CPU.Build.0 = Release|Any CPU
		{CFE8F7E8-C5B3-43D9-9B6A-C817B7EE180C}.Debug|Any CPU.ActiveCfg = Debug|Any CPU
		{CFE8F7E8-C5B3-43D9-9B6A-C817B7EE180C}.Debug|Any CPU.Build.0 = Debug|Any CPU
		{CFE8F7E8-C5B3-43D9-9B6A-C817B7EE180C}.Release|Any CPU.ActiveCfg = Release|Any CPU
		{CFE8F7E8-C5B3-43D9-9B6A-C817B7EE180C}.Release|Any CPU.Build.0 = Release|Any CPU
		{CFFBBABA-6F37-427D-AA1C-E9D0026332C4}.Debug|Any CPU.ActiveCfg = Debug|Any CPU
		{CFFBBABA-6F37-427D-AA1C-E9D0026332C4}.Debug|Any CPU.Build.0 = Debug|Any CPU
		{CFFBBABA-6F37-427D-AA1C-E9D0026332C4}.Release|Any CPU.ActiveCfg = Release|Any CPU
		{CFFBBABA-6F37-427D-AA1C-E9D0026332C4}.Release|Any CPU.Build.0 = Release|Any CPU
		{BC45C74F-4F97-45C8-9B0F-AE9716F39C3B}.Debug|Any CPU.ActiveCfg = Debug|Any CPU
		{BC45C74F-4F97-45C8-9B0F-AE9716F39C3B}.Debug|Any CPU.Build.0 = Debug|Any CPU
		{BC45C74F-4F97-45C8-9B0F-AE9716F39C3B}.Release|Any CPU.ActiveCfg = Release|Any CPU
		{BC45C74F-4F97-45C8-9B0F-AE9716F39C3B}.Release|Any CPU.Build.0 = Release|Any CPU
		{4B04DE28-1811-43E7-AA83-97242C2D85F8}.Debug|Any CPU.ActiveCfg = Debug|Any CPU
		{4B04DE28-1811-43E7-AA83-97242C2D85F8}.Debug|Any CPU.Build.0 = Debug|Any CPU
		{4B04DE28-1811-43E7-AA83-97242C2D85F8}.Release|Any CPU.ActiveCfg = Release|Any CPU
		{4B04DE28-1811-43E7-AA83-97242C2D85F8}.Release|Any CPU.Build.0 = Release|Any CPU
		{1F7C69A2-CD6E-4FC3-A196-7282034E8928}.Debug|Any CPU.ActiveCfg = Debug|Any CPU
		{1F7C69A2-CD6E-4FC3-A196-7282034E8928}.Debug|Any CPU.Build.0 = Debug|Any CPU
		{1F7C69A2-CD6E-4FC3-A196-7282034E8928}.Release|Any CPU.ActiveCfg = Release|Any CPU
		{1F7C69A2-CD6E-4FC3-A196-7282034E8928}.Release|Any CPU.Build.0 = Release|Any CPU
		{9A6F18FE-5E9A-4ADC-B162-2F5AFF685092}.Debug|Any CPU.ActiveCfg = Debug|Any CPU
		{9A6F18FE-5E9A-4ADC-B162-2F5AFF685092}.Debug|Any CPU.Build.0 = Debug|Any CPU
		{9A6F18FE-5E9A-4ADC-B162-2F5AFF685092}.Release|Any CPU.ActiveCfg = Release|Any CPU
		{9A6F18FE-5E9A-4ADC-B162-2F5AFF685092}.Release|Any CPU.Build.0 = Release|Any CPU
		{A13F6BE0-50F4-4730-8668-C6875F154356}.Debug|Any CPU.ActiveCfg = Debug|Any CPU
		{A13F6BE0-50F4-4730-8668-C6875F154356}.Debug|Any CPU.Build.0 = Debug|Any CPU
		{A13F6BE0-50F4-4730-8668-C6875F154356}.Release|Any CPU.ActiveCfg = Release|Any CPU
		{A13F6BE0-50F4-4730-8668-C6875F154356}.Release|Any CPU.Build.0 = Release|Any CPU
		{1BF6A38E-B595-4DDD-90AA-DC6AD307ADD2}.Debug|Any CPU.ActiveCfg = Debug|Any CPU
		{1BF6A38E-B595-4DDD-90AA-DC6AD307ADD2}.Debug|Any CPU.Build.0 = Debug|Any CPU
		{1BF6A38E-B595-4DDD-90AA-DC6AD307ADD2}.Release|Any CPU.ActiveCfg = Release|Any CPU
		{1BF6A38E-B595-4DDD-90AA-DC6AD307ADD2}.Release|Any CPU.Build.0 = Release|Any CPU
	EndGlobalSection
	GlobalSection(SolutionProperties) = preSolution
		HideSolutionNode = FALSE
	EndGlobalSection
	GlobalSection(NestedProjects) = preSolution
		{DDADD8B9-7923-4C3B-A91A-60475FC8C232} = {34252B1B-FEF0-4420-A94D-0A0B8A00396C}
		{24D09956-EEAF-4CBE-B483-5A9BB7364D66} = {34252B1B-FEF0-4420-A94D-0A0B8A00396C}
		{BA8023A2-BEB2-4A7E-8243-765505EDCDF8} = {E27C8A3D-B078-47B3-9CDF-DD78E6E9A857}
		{CFE8F7E8-C5B3-43D9-9B6A-C817B7EE180C} = {34252B1B-FEF0-4420-A94D-0A0B8A00396C}
		{CFFBBABA-6F37-427D-AA1C-E9D0026332C4} = {34252B1B-FEF0-4420-A94D-0A0B8A00396C}
		{BC45C74F-4F97-45C8-9B0F-AE9716F39C3B} = {34252B1B-FEF0-4420-A94D-0A0B8A00396C}
		{4B04DE28-1811-43E7-AA83-97242C2D85F8} = {34252B1B-FEF0-4420-A94D-0A0B8A00396C}
		{1F7C69A2-CD6E-4FC3-A196-7282034E8928} = {34252B1B-FEF0-4420-A94D-0A0B8A00396C}
		{9A6F18FE-5E9A-4ADC-B162-2F5AFF685092} = {E27C8A3D-B078-47B3-9CDF-DD78E6E9A857}
		{A13F6BE0-50F4-4730-8668-C6875F154356} = {34252B1B-FEF0-4420-A94D-0A0B8A00396C}
		{1BF6A38E-B595-4DDD-90AA-DC6AD307ADD2} = {34252B1B-FEF0-4420-A94D-0A0B8A00396C}
	EndGlobalSection
	GlobalSection(ExtensibilityGlobals) = postSolution
		SolutionGuid = {C3F131FB-419A-4B0A-A2F7-4860FA92B933}
	EndGlobalSection
EndGlobal
